
Microsoft Visual Studio Solution File, Format Version 12.00
# Visual Studio Version 17
VisualStudioVersion = 17.2.32616.157
MinimumVisualStudioVersion = 10.0.40219.1
Project("{FAE04EC0-301F-11D3-BF4B-00C04F79EFBC}") = "içi boş üçgen", "içi boş üçgen\içi boş üçgen.csproj", "{0203940D-81BF-4658-8BEA-78451B769696}"
EndProject
Global
	GlobalSection(SolutionConfigurationPlatforms) = preSolution
		Debug|Any CPU = Debug|Any CPU
		Release|Any CPU = Release|Any CPU
	EndGlobalSection
	GlobalSection(ProjectConfigurationPlatforms) = postSolution
		{0203940D-81BF-4658-8BEA-78451B769696}.Debug|Any CPU.ActiveCfg = Debug|Any CPU
		{0203940D-81BF-4658-8BEA-78451B769696}.Debug|Any CPU.Build.0 = Debug|Any CPU
		{0203940D-81BF-4658-8BEA-78451B769696}.Release|Any CPU.ActiveCfg = Release|Any CPU
		{0203940D-81BF-4658-8BEA-78451B769696}.Release|Any CPU.Build.0 = Release|Any CPU
	EndGlobalSection
	GlobalSection(SolutionProperties) = preSolution
		HideSolutionNode = FALSE
	EndGlobalSection
	GlobalSection(ExtensibilityGlobals) = postSolution
		SolutionGuid = {F3AC123B-CDF3-4D5C-A196-E533F160E332}
	EndGlobalSection
EndGlobal
